// !$*UTF8*$!
{
	archiveVersion = 1;
	classes = {
	};
	objectVersion = 56;
	objects = {

/* Begin PBXBuildFile section */
		A05AC7E02A2098060021731F /* MyStickerPack StickerPackExtension.appex in Embed Foundation Extensions */ = {isa = PBXBuildFile; fileRef = A05AC7DF2A2098060021731F /* MyStickerPack StickerPackExtension.appex */; settings = {ATTRIBUTES = (RemoveHeadersOnCopy, ); }; };
		A05AC7E42A2098060021731F /* Stickers.xcstickers in Resources */ = {isa = PBXBuildFile; fileRef = A05AC7E32A2098060021731F /* Stickers.xcstickers */; };
		A05AC7E52A2098060021731F /* Stickers.xcstickers in Resources */ = {isa = PBXBuildFile; fileRef = A05AC7E32A2098060021731F /* Stickers.xcstickers */; };
/* End PBXBuildFile section */

/* Begin PBXContainerItemProxy section */
		A05AC7E12A2098060021731F /* PBXContainerItemProxy */ = {
			isa = PBXContainerItemProxy;
			containerPortal = A05AC7D52A2098060021731F /* Project object */;
			proxyType = 1;
			remoteGlobalIDString = A05AC7DE2A2098060021731F;
			remoteInfo = "MyStickerPack StickerPackExtension";
		};
/* End PBXContainerItemProxy section */

/* Begin PBXCopyFilesBuildPhase section */
		A05AC7EB2A2098060021731F /* Embed Foundation Extensions */ = {
			isa = PBXCopyFilesBuildPhase;
			buildActionMask = 2147483647;
			dstPath = "";
			dstSubfolderSpec = 13;
			files = (
				A05AC7E02A2098060021731F /* MyStickerPack StickerPackExtension.appex in Embed Foundation Extensions */,
			);
			name = "Embed Foundation Extensions";
			runOnlyForDeploymentPostprocessing = 0;
		};
/* End PBXCopyFilesBuildPhase section */

/* Begin PBXFileReference section */
		A05AC7DB2A2098060021731F /* MyStickerPack.app */ = {isa = PBXFileReference; explicitFileType = wrapper.application; includeInIndex = 0; path = MyStickerPack.app; sourceTree = BUILT_PRODUCTS_DIR; };
		A05AC7DF2A2098060021731F /* MyStickerPack StickerPackExtension.appex */ = {isa = PBXFileReference; explicitFileType = "wrapper.app-extension"; includeInIndex = 0; path = "MyStickerPack StickerPackExtension.appex"; sourceTree = BUILT_PRODUCTS_DIR; };
		A05AC7E32A2098060021731F /* Stickers.xcstickers */ = {isa = PBXFileReference; lastKnownFileType = folder.stickers; name = Stickers.xcstickers; path = "MyStickerPack StickerPackExtension/Stickers.xcstickers"; sourceTree = "<group>"; };
/* End PBXFileReference section */

/* Begin PBXGroup section */
		A05AC7D42A2098060021731F = {
			isa = PBXGroup;
			children = (
				A05AC7E32A2098060021731F /* Stickers.xcstickers */,
				A05AC7DC2A2098060021731F /* Products */,
			);
			sourceTree = "<group>";
		};
		A05AC7DC2A2098060021731F /* Products */ = {
			isa = PBXGroup;
			children = (
				A05AC7DB2A2098060021731F /* MyStickerPack.app */,
				A05AC7DF2A2098060021731F /* MyStickerPack StickerPackExtension.appex */,
			);
			name = Products;
			sourceTree = "<group>";
		};
/* End PBXGroup section */

/* Begin PBXNativeTarget section */
		A05AC7DA2A2098060021731F /* MyStickerPack */ = {
			isa = PBXNativeTarget;
			buildConfigurationList = A05AC7EC2A2098060021731F /* Build configuration list for PBXNativeTarget "MyStickerPack" */;
			buildPhases = (
				A05AC7D92A2098060021731F /* Resources */,
				A05AC7EB2A2098060021731F /* Embed Foundation Extensions */,
			);
			buildRules = (
			);
			dependencies = (
				A05AC7E22A2098060021731F /* PBXTargetDependency */,
			);
			name = MyStickerPack;
			productName = MyStickerPack;
			productReference = A05AC7DB2A2098060021731F /* MyStickerPack.app */;
			productType = "com.apple.product-type.application.messages";
		};
		A05AC7DE2A2098060021731F /* MyStickerPack StickerPackExtension */ = {
			isa = PBXNativeTarget;
			buildConfigurationList = A05AC7E82A2098060021731F /* Build configuration list for PBXNativeTarget "MyStickerPack StickerPackExtension" */;
			buildPhases = (
				A05AC7DD2A2098060021731F /* Resources */,
			);
			buildRules = (
			);
			dependencies = (
			);
			name = "MyStickerPack StickerPackExtension";
			productName = "MyStickerPack StickerPackExtension";
			productReference = A05AC7DF2A2098060021731F /* MyStickerPack StickerPackExtension.appex */;
			productType = "com.apple.product-type.app-extension.messages-sticker-pack";
		};
/* End PBXNativeTarget section */

/* Begin PBXProject section */
		A05AC7D52A2098060021731F /* Project object */ = {
			isa = PBXProject;
			attributes = {
				BuildIndependentTargetsInParallel = 1;
				LastUpgradeCheck = 1430;
				TargetAttributes = {
					A05AC7DA2A2098060021731F = {
						CreatedOnToolsVersion = 14.3;
					};
					A05AC7DE2A2098060021731F = {
						CreatedOnToolsVersion = 14.3;
					};
				};
			};
			buildConfigurationList = A05AC7D82A2098060021731F /* Build configuration list for PBXProject "MyStickerPack" */;
			compatibilityVersion = "Xcode 14.0";
			developmentRegion = en;
			hasScannedForEncodings = 0;
			knownRegions = (
				en,
				Base,
			);
			mainGroup = A05AC7D42A2098060021731F;
			productRefGroup = A05AC7DC2A2098060021731F /* Products */;
			projectDirPath = "";
			projectRoot = "";
			targets = (
				A05AC7DA2A2098060021731F /* MyStickerPack */,
				A05AC7DE2A2098060021731F /* MyStickerPack StickerPackExtension */,
			);
		};
/* End PBXProject section */

/* Begin PBXResourcesBuildPhase section */
		A05AC7D92A2098060021731F /* Resources */ = {
			isa = PBXResourcesBuildPhase;
			buildActionMask = 2147483647;
			files = (
				A05AC7E52A2098060021731F /* Stickers.xcstickers in Resources */,
			);
			runOnlyForDeploymentPostprocessing = 0;
		};
		A05AC7DD2A2098060021731F /* Resources */ = {
			isa = PBXResourcesBuildPhase;
			buildActionMask = 2147483647;
			files = (
				A05AC7E42A2098060021731F /* Stickers.xcstickers in Resources */,
			);
			runOnlyForDeploymentPostprocessing = 0;
		};
/* End PBXResourcesBuildPhase section */

/* Begin PBXTargetDependency section */
		A05AC7E22A2098060021731F /* PBXTargetDependency */ = {
			isa = PBXTargetDependency;
			target = A05AC7DE2A2098060021731F /* MyStickerPack StickerPackExtension */;
			targetProxy = A05AC7E12A2098060021731F /* PBXContainerItemProxy */;
		};
/* End PBXTargetDependency section */

/* Begin XCBuildConfiguration section */
		A05AC7E62A2098060021731F /* Debug */ = {
			isa = XCBuildConfiguration;
			buildSettings = {
				ALWAYS_SEARCH_USER_PATHS = NO;
				CLANG_ANALYZER_NONNULL = YES;
				CLANG_ANALYZER_NUMBER_OBJECT_CONVERSION = YES_AGGRESSIVE;
				CLANG_CXX_LANGUAGE_STANDARD = "gnu++20";
				CLANG_ENABLE_MODULES = YES;
				CLANG_ENABLE_OBJC_ARC = YES;
				CLANG_ENABLE_OBJC_WEAK = YES;
				CLANG_WARN_BLOCK_CAPTURE_AUTORELEASING = YES;
				CLANG_WARN_BOOL_CONVERSION = YES;
				CLANG_WARN_COMMA = YES;
				CLANG_WARN_CONSTANT_CONVERSION = YES;
				CLANG_WARN_DEPRECATED_OBJC_IMPLEMENTATIONS = YES;
				CLANG_WARN_DIRECT_OBJC_ISA_USAGE = YES_ERROR;
				CLANG_WARN_DOCUMENTATION_COMMENTS = YES;
				CLANG_WARN_EMPTY_BODY = YES;
				CLANG_WARN_ENUM_CONVERSION = YES;
				CLANG_WARN_INFINITE_RECURSION = YES;
				CLANG_WARN_INT_CONVERSION = YES;
				CLANG_WARN_NON_LITERAL_NULL_CONVERSION = YES;
				CLANG_WARN_OBJC_IMPLICIT_RETAIN_SELF = YES;
				CLANG_WARN_OBJC_LITERAL_CONVERSION = YES;
				CLANG_WARN_OBJC_ROOT_CLASS = YES_ERROR;
				CLANG_WARN_QUOTED_INCLUDE_IN_FRAMEWORK_HEADER = YES;
				CLANG_WARN_RANGE_LOOP_ANALYSIS = YES;
				CLANG_WARN_STRICT_PROTOTYPES = YES;
				CLANG_WARN_SUSPICIOUS_MOVE = YES;
				CLANG_WARN_UNGUARDED_AVAILABILITY = YES_AGGRESSIVE;
				CLANG_WARN_UNREACHABLE_CODE = YES;
				CLANG_WARN__DUPLICATE_METHOD_MATCH = YES;
				COPY_PHASE_STRIP = NO;
				DEBUG_INFORMATION_FORMAT = dwarf;
				ENABLE_STRICT_OBJC_MSGSEND = YES;
				ENABLE_TESTABILITY = YES;
				GCC_C_LANGUAGE_STANDARD = gnu11;
				GCC_DYNAMIC_NO_PIC = NO;
				GCC_NO_COMMON_BLOCKS = YES;
				GCC_OPTIMIZATION_LEVEL = 0;
				GCC_PREPROCESSOR_DEFINITIONS = (
					"DEBUG=1",
					"$(inherited)",
				);
				GCC_WARN_64_TO_32_BIT_CONVERSION = YES;
				GCC_WARN_ABOUT_RETURN_TYPE = YES_ERROR;
				GCC_WARN_UNDECLARED_SELECTOR = YES;
				GCC_WARN_UNINITIALIZED_AUTOS = YES_AGGRESSIVE;
				GCC_WARN_UNUSED_FUNCTION = YES;
				GCC_WARN_UNUSED_VARIABLE = YES;
				IPHONEOS_DEPLOYMENT_TARGET = 16.4;
				MTL_ENABLE_DEBUG_INFO = INCLUDE_SOURCE;
				MTL_FAST_MATH = YES;
				ONLY_ACTIVE_ARCH = YES;
				SDKROOT = iphoneos;
			};
			name = Debug;
		};
		A05AC7E72A2098060021731F /* Release */ = {
			isa = XCBuildConfiguration;
			buildSettings = {
				ALWAYS_SEARCH_USER_PATHS = NO;
				CLANG_ANALYZER_NONNULL = YES;
				CLANG_ANALYZER_NUMBER_OBJECT_CONVERSION = YES_AGGRESSIVE;
				CLANG_CXX_LANGUAGE_STANDARD = "gnu++20";
				CLANG_ENABLE_MODULES = YES;
				CLANG_ENABLE_OBJC_ARC = YES;
				CLANG_ENABLE_OBJC_WEAK = YES;
				CLANG_WARN_BLOCK_CAPTURE_AUTORELEASING = YES;
				CLANG_WARN_BOOL_CONVERSION = YES;
				CLANG_WARN_COMMA = YES;
				CLANG_WARN_CONSTANT_CONVERSION = YES;
				CLANG_WARN_DEPRECATED_OBJC_IMPLEMENTATIONS = YES;
				CLANG_WARN_DIRECT_OBJC_ISA_USAGE = YES_ERROR;
				CLANG_WARN_DOCUMENTATION_COMMENTS = YES;
				CLANG_WARN_EMPTY_BODY = YES;
				CLANG_WARN_ENUM_CONVERSION = YES;
				CLANG_WARN_INFINITE_RECURSION = YES;
				CLANG_WARN_INT_CONVERSION = YES;
				CLANG_WARN_NON_LITERAL_NULL_CONVERSION = YES;
				CLANG_WARN_OBJC_IMPLICIT_RETAIN_SELF = YES;
				CLANG_WARN_OBJC_LITERAL_CONVERSION = YES;
				CLANG_WARN_OBJC_ROOT_CLASS = YES_ERROR;
				CLANG_WARN_QUOTED_INCLUDE_IN_FRAMEWORK_HEADER = YES;
				CLANG_WARN_RANGE_LOOP_ANALYSIS = YES;
				CLANG_WARN_STRICT_PROTOTYPES = YES;
				CLANG_WARN_SUSPICIOUS_MOVE = YES;
				CLANG_WARN_UNGUARDED_AVAILABILITY = YES_AGGRESSIVE;
				CLANG_WARN_UNREACHABLE_CODE = YES;
				CLANG_WARN__DUPLICATE_METHOD_MATCH = YES;
				COPY_PHASE_STRIP = NO;
				DEBUG_INFORMATION_FORMAT = "dwarf-with-dsym";
				ENABLE_NS_ASSERTIONS = NO;
				ENABLE_STRICT_OBJC_MSGSEND = YES;
				GCC_C_LANGUAGE_STANDARD = gnu11;
				GCC_NO_COMMON_BLOCKS = YES;
				GCC_WARN_64_TO_32_BIT_CONVERSION = YES;
				GCC_WARN_ABOUT_RETURN_TYPE = YES_ERROR;
				GCC_WARN_UNDECLARED_SELECTOR = YES;
				GCC_WARN_UNINITIALIZED_AUTOS = YES_AGGRESSIVE;
				GCC_WARN_UNUSED_FUNCTION = YES;
				GCC_WARN_UNUSED_VARIABLE = YES;
				IPHONEOS_DEPLOYMENT_TARGET = 16.4;
				MTL_ENABLE_DEBUG_INFO = NO;
				MTL_FAST_MATH = YES;
				SDKROOT = iphoneos;
				VALIDATE_PRODUCT = YES;
			};
			name = Release;
		};
		A05AC7E92A2098060021731F /* Debug */ = {
			isa = XCBuildConfiguration;
			buildSettings = {
				ASSETCATALOG_COMPILER_APPICON_NAME = "iMessage App Icon";
				CODE_SIGN_STYLE = Automatic;
				CURRENT_PROJECT_VERSION = 1;
				GENERATE_INFOPLIST_FILE = YES;
				INFOPLIST_FILE = "MyStickerPack StickerPackExtension/Info.plist";
				MARKETING_VERSION = 1.0;
				PRODUCT_BUNDLE_IDENTIFIER = seou.MyStickerPack.StickerPackExtension;
				PRODUCT_NAME = "$(TARGET_NAME)";
				SKIP_INSTALL = YES;
				SWIFT_EMIT_LOC_STRINGS = YES;
				TARGETED_DEVICE_FAMILY = "1,2";
			};
			name = Debug;
		};
		A05AC7EA2A2098060021731F /* Release */ = {
			isa = XCBuildConfiguration;
			buildSettings = {
				ASSETCATALOG_COMPILER_APPICON_NAME = "iMessage App Icon";
				CODE_SIGN_STYLE = Automatic;
				CURRENT_PROJECT_VERSION = 1;
				GENERATE_INFOPLIST_FILE = YES;
				INFOPLIST_FILE = "MyStickerPack StickerPackExtension/Info.plist";
				MARKETING_VERSION = 1.0;
				PRODUCT_BUNDLE_IDENTIFIER = seou.MyStickerPack.StickerPackExtension;
				PRODUCT_NAME = "$(TARGET_NAME)";
				SKIP_INSTALL = YES;
				SWIFT_EMIT_LOC_STRINGS = YES;
				TARGETED_DEVICE_FAMILY = "1,2";
			};
			name = Release;
		};
		A05AC7ED2A2098060021731F /* Debug */ = {
			isa = XCBuildConfiguration;
			buildSettings = {
				ASSETCATALOG_COMPILER_APPICON_NAME = "iMessage App Icon";
				CODE_SIGN_STYLE = Automatic;
				CURRENT_PROJECT_VERSION = 1;
				GENERATE_INFOPLIST_FILE = YES;
				INFOPLIST_FILE = MyStickerPack/Info.plist;
				MARKETING_VERSION = 1.0;
				PRODUCT_BUNDLE_IDENTIFIER = seou.MyStickerPack;
				PRODUCT_NAME = "$(TARGET_NAME)";
				SWIFT_EMIT_LOC_STRINGS = YES;
				TARGETED_DEVICE_FAMILY = "1,2";
			};
			name = Debug;
		};
		A05AC7EE2A2098060021731F /* Release */ = {
			isa = XCBuildConfiguration;
			buildSettings = {
				ASSETCATALOG_COMPILER_APPICON_NAME = "iMessage App Icon";
				CODE_SIGN_STYLE = Automatic;
				CURRENT_PROJECT_VERSION = 1;
				GENERATE_INFOPLIST_FILE = YES;
				INFOPLIST_FILE = MyStickerPack/Info.plist;
				MARKETING_VERSION = 1.0;
				PRODUCT_BUNDLE_IDENTIFIER = seou.MyStickerPack;
				PRODUCT_NAME = "$(TARGET_NAME)";
				SWIFT_EMIT_LOC_STRINGS = YES;
				TARGETED_DEVICE_FAMILY = "1,2";
			};
			name = Release;
		};
/* End XCBuildConfiguration section */

/* Begin XCConfigurationList section */
		A05AC7D82A2098060021731F /* Build configuration list for PBXProject "MyStickerPack" */ = {
			isa = XCConfigurationList;
			buildConfigurations = (
				A05AC7E62A2098060021731F /* Debug */,
				A05AC7E72A2098060021731F /* Release */,
			);
			defaultConfigurationIsVisible = 0;
			defaultConfigurationName = Release;
		};
		A05AC7E82A2098060021731F /* Build configuration list for PBXNativeTarget "MyStickerPack StickerPackExtension" */ = {
			isa = XCConfigurationList;
			buildConfigurations = (
				A05AC7E92A2098060021731F /* Debug */,
				A05AC7EA2A2098060021731F /* Release */,
			);
			defaultConfigurationIsVisible = 0;
			defaultConfigurationName = Release;
		};
		A05AC7EC2A2098060021731F /* Build configuration list for PBXNativeTarget "MyStickerPack" */ = {
			isa = XCConfigurationList;
			buildConfigurations = (
				A05AC7ED2A2098060021731F /* Debug */,
				A05AC7EE2A2098060021731F /* Release */,
			);
			defaultConfigurationIsVisible = 0;
			defaultConfigurationName = Release;
		};
/* End XCConfigurationList section */
	};
	rootObject = A05AC7D52A2098060021731F /* Project object */;
}
